
Microsoft Visual Studio Solution File, Format Version 12.00
# Visual Studio 2013
VisualStudioVersion = 12.0.40629.0
MinimumVisualStudioVersion = 10.0.40219.1
Project("{FAE04EC0-301F-11D3-BF4B-00C04F79EFBC}") = "udptest", "udptest\udptest.csproj", "{BA2E323E-F3D0-4EB9-AE14-A097C54D586A}"
EndProject
Project("{FAE04EC0-301F-11D3-BF4B-00C04F79EFBC}") = "udpserver", "udpserver\udpserver.csproj", "{7B77BE65-44D9-4457-BFCC-CCB1BC86A72B}"
EndProject
Global
	GlobalSection(SolutionConfigurationPlatforms) = preSolution
		Debug|Any CPU = Debug|Any CPU
		Release|Any CPU = Release|Any CPU
	EndGlobalSection
	GlobalSection(ProjectConfigurationPlatforms) = postSolution
		{BA2E323E-F3D0-4EB9-AE14-A097C54D586A}.Debug|Any CPU.ActiveCfg = Debug|Any CPU
		{BA2E323E-F3D0-4EB9-AE14-A097C54D586A}.Debug|Any CPU.Build.0 = Debug|Any CPU
		{BA2E323E-F3D0-4EB9-AE14-A097C54D586A}.Release|Any CPU.ActiveCfg = Release|Any CPU
		{BA2E323E-F3D0-4EB9-AE14-A097C54D586A}.Release|Any CPU.Build.0 = Release|Any CPU
		{7B77BE65-44D9-4457-BFCC-CCB1BC86A72B}.Debug|Any CPU.ActiveCfg = Debug|Any CPU
		{7B77BE65-44D9-4457-BFCC-CCB1BC86A72B}.Debug|Any CPU.Build.0 = Debug|Any CPU
		{7B77BE65-44D9-4457-BFCC-CCB1BC86A72B}.Release|Any CPU.ActiveCfg = Release|Any CPU
		{7B77BE65-44D9-4457-BFCC-CCB1BC86A72B}.Release|Any CPU.Build.0 = Release|Any CPU
	EndGlobalSection
	GlobalSection(SolutionProperties) = preSolution
		HideSolutionNode = FALSE
	EndGlobalSection
EndGlobal
